
Microsoft Visual Studio Solution File, Format Version 12.00
# Visual Studio Version 17
VisualStudioVersion = 17.0.32126.317
MinimumVisualStudioVersion = 10.0.40219.1
Project("{FAE04EC0-301F-11D3-BF4B-00C04F79EFBC}") = "Primeiro-no-visualstudio", "Primeiro-no-visualstudio\Primeiro-no-visualstudio.csproj", "{D533C64B-9900-4E26-AE18-1F7CDC32384A}"
EndProject
Global
	GlobalSection(SolutionConfigurationPlatforms) = preSolution
		Debug|Any CPU = Debug|Any CPU
		Release|Any CPU = Release|Any CPU
	EndGlobalSection
	GlobalSection(ProjectConfigurationPlatforms) = postSolution
		{D533C64B-9900-4E26-AE18-1F7CDC32384A}.Debug|Any CPU.ActiveCfg = Debug|Any CPU
		{D533C64B-9900-4E26-AE18-1F7CDC32384A}.Debug|Any CPU.Build.0 = Debug|Any CPU
		{D533C64B-9900-4E26-AE18-1F7CDC32384A}.Release|Any CPU.ActiveCfg = Release|Any CPU
		{D533C64B-9900-4E26-AE18-1F7CDC32384A}.Release|Any CPU.Build.0 = Release|Any CPU
	EndGlobalSection
	GlobalSection(SolutionProperties) = preSolution
		HideSolutionNode = FALSE
	EndGlobalSection
	GlobalSection(ExtensibilityGlobals) = postSolution
		SolutionGuid = {0F721E0C-3586-445D-B086-1E5E6B83DA5F}
	EndGlobalSection
EndGlobal
